// !$*UTF8*$!
{
	archiveVersion = 1;
	classes = {
	};
	objectVersion = 46;
	objects = {

/* Begin PBXBuildFile section */
		C6CDC75A1DC9B3D00051201D /* main.m in Sources */ = {isa = PBXBuildFile; fileRef = C6CDC7591DC9B3D00051201D /* main.m */; };
		C6CDC75D1DC9B3D00051201D /* AppDelegate.m in Sources */ = {isa = PBXBuildFile; fileRef = C6CDC75C1DC9B3D00051201D /* AppDelegate.m */; };
		C6CDC7601DC9B3D00051201D /* ViewController.m in Sources */ = {isa = PBXBuildFile; fileRef = C6CDC75F1DC9B3D00051201D /* ViewController.m */; };
		C6CDC7631DC9B3D00051201D /* Main.storyboard in Resources */ = {isa = PBXBuildFile; fileRef = C6CDC7611DC9B3D00051201D /* Main.storyboard */; };
		C6CDC7651DC9B3D00051201D /* Assets.xcassets in Resources */ = {isa = PBXBuildFile; fileRef = C6CDC7641DC9B3D00051201D /* Assets.xcassets */; };
		C6CDC7681DC9B3D00051201D /* LaunchScreen.storyboard in Resources */ = {isa = PBXBuildFile; fileRef = C6CDC7661DC9B3D00051201D /* LaunchScreen.storyboard */; };
/* End PBXBuildFile section */

/* Begin PBXFileReference section */
		C6CDC7551DC9B3D00051201D /* Algorithm.app */ = {isa = PBXFileReference; explicitFileType = wrapper.application; includeInIndex = 0; path = Algorithm.app; sourceTree = BUILT_PRODUCTS_DIR; };
		C6CDC7591DC9B3D00051201D /* main.m */ = {isa = PBXFileReference; lastKnownFileType = sourcecode.c.objc; path = main.m; sourceTree = "<group>"; };
		C6CDC75B1DC9B3D00051201D /* AppDelegate.h */ = {isa = PBXFileReference; lastKnownFileType = sourcecode.c.h; path = AppDelegate.h; sourceTree = "<group>"; };
		C6CDC75C1DC9B3D00051201D /* AppDelegate.m */ = {isa = PBXFileReference; lastKnownFileType = sourcecode.c.objc; path = AppDelegate.m; sourceTree = "<group>"; };
		C6CDC75E1DC9B3D00051201D /* ViewController.h */ = {isa = PBXFileReference; lastKnownFileType = sourcecode.c.h; path = ViewController.h; sourceTree = "<group>"; };
		C6CDC75F1DC9B3D00051201D /* ViewController.m */ = {isa = PBXFileReference; lastKnownFileType = sourcecode.c.objc; path = ViewController.m; sourceTree = "<group>"; };
		C6CDC7621DC9B3D00051201D /* Base */ = {isa = PBXFileReference; lastKnownFileType = file.storyboard; name = Base; path = Base.lproj/Main.storyboard; sourceTree = "<group>"; };
		C6CDC7641DC9B3D00051201D /* Assets.xcassets */ = {isa = PBXFileReference; lastKnownFileType = folder.assetcatalog; path = Assets.xcassets; sourceTree = "<group>"; };
		C6CDC7671DC9B3D00051201D /* Base */ = {isa = PBXFileReference; lastKnownFileType = file.storyboard; name = Base; path = Base.lproj/LaunchScreen.storyboard; sourceTree = "<group>"; };
		C6CDC7691DC9B3D00051201D /* Info.plist */ = {isa = PBXFileReference; lastKnownFileType = text.plist.xml; path = Info.plist; sourceTree = "<group>"; };
/* End PBXFileReference section */

/* Begin PBXFrameworksBuildPhase section */
		C6CDC7521DC9B3D00051201D /* Frameworks */ = {
			isa = PBXFrameworksBuildPhase;
			buildActionMask = 2147483647;
			files = (
			);
			runOnlyForDeploymentPostprocessing = 0;
		};
/* End PBXFrameworksBuildPhase section */

/* Begin PBXGroup section */
		C6CDC74C1DC9B3D00051201D = {
			isa = PBXGroup;
			children = (
				C6CDC7571DC9B3D00051201D /* Algorithm */,
				C6CDC7561DC9B3D00051201D /* Products */,
			);
			sourceTree = "<group>";
		};
		C6CDC7561DC9B3D00051201D /* Products */ = {
			isa = PBXGroup;
			children = (
				C6CDC7551DC9B3D00051201D /* Algorithm.app */,
			);
			name = Products;
			sourceTree = "<group>";
		};
		C6CDC7571DC9B3D00051201D /* Algorithm */ = {
			isa = PBXGroup;
			children = (
				C6CDC75B1DC9B3D00051201D /* AppDelegate.h */,
				C6CDC75C1DC9B3D00051201D /* AppDelegate.m */,
				C6CDC75E1DC9B3D00051201D /* ViewController.h */,
				C6CDC75F1DC9B3D00051201D /* ViewController.m */,
				C6CDC7611DC9B3D00051201D /* Main.storyboard */,
				C6CDC7641DC9B3D00051201D /* Assets.xcassets */,
				C6CDC7661DC9B3D00051201D /* LaunchScreen.storyboard */,
				C6CDC7691DC9B3D00051201D /* Info.plist */,
				C6CDC7581DC9B3D00051201D /* Supporting Files */,
			);
			path = Algorithm;
			sourceTree = "<group>";
		};
		C6CDC7581DC9B3D00051201D /* Supporting Files */ = {
			isa = PBXGroup;
			children = (
				C6CDC7591DC9B3D00051201D /* main.m */,
			);
			name = "Supporting Files";
			sourceTree = "<group>";
		};
/* End PBXGroup section */

/* Begin PBXNativeTarget section */
		C6CDC7541DC9B3D00051201D /* Algorithm */ = {
			isa = PBXNativeTarget;
			buildConfigurationList = C6CDC76C1DC9B3D00051201D /* Build configuration list for PBXNativeTarget "Algorithm" */;
			buildPhases = (
				C6CDC7511DC9B3D00051201D /* Sources */,
				C6CDC7521DC9B3D00051201D /* Frameworks */,
				C6CDC7531DC9B3D00051201D /* Resources */,
			);
			buildRules = (
			);
			dependencies = (
			);
			name = Algorithm;
			productName = Algorithm;
			productReference = C6CDC7551DC9B3D00051201D /* Algorithm.app */;
			productType = "com.apple.product-type.application";
		};
/* End PBXNativeTarget section */

/* Begin PBXProject section */
		C6CDC74D1DC9B3D00051201D /* Project object */ = {
			isa = PBXProject;
			attributes = {
				LastUpgradeCheck = 0800;
				ORGANIZATIONNAME = "DY Tech";
				TargetAttributes = {
					C6CDC7541DC9B3D00051201D = {
						CreatedOnToolsVersion = 8.0;
						DevelopmentTeam = YKB66Z3T3Q;
						ProvisioningStyle = Automatic;
					};
				};
			};
			buildConfigurationList = C6CDC7501DC9B3D00051201D /* Build configuration list for PBXProject "Algorithm" */;
			compatibilityVersion = "Xcode 3.2";
			developmentRegion = English;
			hasScannedForEncodings = 0;
			knownRegions = (
				en,
				Base,
			);
			mainGroup = C6CDC74C1DC9B3D00051201D;
			productRefGroup = C6CDC7561DC9B3D00051201D /* Products */;
			projectDirPath = "";
			projectRoot = "";
			targets = (
				C6CDC7541DC9B3D00051201D /* Algorithm */,
			);
		};
/* End PBXProject section */

/* Begin PBXResourcesBuildPhase section */
		C6CDC7531DC9B3D00051201D /* Resources */ = {
			isa = PBXResourcesBuildPhase;
			buildActionMask = 2147483647;
			files = (
				C6CDC7681DC9B3D00051201D /* LaunchScreen.storyboard in Resources */,
				C6CDC7651DC9B3D00051201D /* Assets.xcassets in Resources */,
				C6CDC7631DC9B3D00051201D /* Main.storyboard in Resources */,
			);
			runOnlyForDeploymentPostprocessing = 0;
		};
/* End PBXResourcesBuildPhase section */

/* Begin PBXSourcesBuildPhase section */
		C6CDC7511DC9B3D00051201D /* Sources */ = {
			isa = PBXSourcesBuildPhase;
			buildActionMask = 2147483647;
			files = (
				C6CDC7601DC9B3D00051201D /* ViewController.m in Sources */,
				C6CDC75D1DC9B3D00051201D /* AppDelegate.m in Sources */,
				C6CDC75A1DC9B3D00051201D /* main.m in Sources */,
			);
			runOnlyForDeploymentPostprocessing = 0;
		};
/* End PBXSourcesBuildPhase section */

/* Begin PBXVariantGroup section */
		C6CDC7611DC9B3D00051201D /* Main.storyboard */ = {
			isa = PBXVariantGroup;
			children = (
				C6CDC7621DC9B3D00051201D /* Base */,
			);
			name = Main.storyboard;
			sourceTree = "<group>";
		};
		C6CDC7661DC9B3D00051201D /* LaunchScreen.storyboard */ = {
			isa = PBXVariantGroup;
			children = (
				C6CDC7671DC9B3D00051201D /* Base */,
			);
			name = LaunchScreen.storyboard;
			sourceTree = "<group>";
		};
/* End PBXVariantGroup section */

/* Begin XCBuildConfiguration section */
		C6CDC76A1DC9B3D00051201D /* Debug */ = {
			isa = XCBuildConfiguration;
			buildSettings = {
				ALWAYS_SEARCH_USER_PATHS = NO;
				CLANG_ANALYZER_NONNULL = YES;
				CLANG_CXX_LANGUAGE_STANDARD = "gnu++0x";
				CLANG_CXX_LIBRARY = "libc++";
				CLANG_ENABLE_MODULES = YES;
				CLANG_ENABLE_OBJC_ARC = YES;
				CLANG_WARN_BOOL_CONVERSION = YES;
				CLANG_WARN_CONSTANT_CONVERSION = YES;
				CLANG_WARN_DIRECT_OBJC_ISA_USAGE = YES_ERROR;
				CLANG_WARN_DOCUMENTATION_COMMENTS = YES;
				CLANG_WARN_EMPTY_BODY = YES;
				CLANG_WARN_ENUM_CONVERSION = YES;
				CLANG_WARN_INFINITE_RECURSION = YES;
				CLANG_WARN_INT_CONVERSION = YES;
				CLANG_WARN_OBJC_ROOT_CLASS = YES_ERROR;
				CLANG_WARN_SUSPICIOUS_MOVES = YES;
				CLANG_WARN_UNREACHABLE_CODE = YES;
				CLANG_WARN__DUPLICATE_METHOD_MATCH = YES;
				"CODE_SIGN_IDENTITY[sdk=iphoneos*]" = "iPhone Developer";
				COPY_PHASE_STRIP = NO;
				DEBUG_INFORMATION_FORMAT = dwarf;
				ENABLE_STRICT_OBJC_MSGSEND = YES;
				ENABLE_TESTABILITY = YES;
				GCC_C_LANGUAGE_STANDARD = gnu99;
				GCC_DYNAMIC_NO_PIC = NO;
				GCC_NO_COMMON_BLOCKS = YES;
				GCC_OPTIMIZATION_LEVEL = 0;
				GCC_PREPROCESSOR_DEFINITIONS = (
					"DEBUG=1",
					"$(inherited)",
				);
				GCC_WARN_64_TO_32_BIT_CONVERSION = YES;
				GCC_WARN_ABOUT_RETURN_TYPE = YES_ERROR;
				GCC_WARN_UNDECLARED_SELECTOR = YES;
				GCC_WARN_UNINITIALIZED_AUTOS = YES_AGGRESSIVE;
				GCC_WARN_UNUSED_FUNCTION = YES;
				GCC_WARN_UNUSED_VARIABLE = YES;
				IPHONEOS_DEPLOYMENT_TARGET = 10.0;
				MTL_ENABLE_DEBUG_INFO = YES;
				ONLY_ACTIVE_ARCH = YES;
				SDKROOT = iphoneos;
			};
			name = Debug;
		};
		C6CDC76B1DC9B3D00051201D /* Release */ = {
			isa = XCBuildConfiguration;
			buildSettings = {
				ALWAYS_SEARCH_USER_PATHS = NO;
				CLANG_ANALYZER_NONNULL = YES;
				CLANG_CXX_LANGUAGE_STANDARD = "gnu++0x";
				CLANG_CXX_LIBRARY = "libc++";
				CLANG_ENABLE_MODULES = YES;
				CLANG_ENABLE_OBJC_ARC = YES;
				CLANG_WARN_BOOL_CONVERSION = YES;
				CLANG_WARN_CONSTANT_CONVERSION = YES;
				CLANG_WARN_DIRECT_OBJC_ISA_USAGE = YES_ERROR;
				CLANG_WARN_DOCUMENTATION_COMMENTS = YES;
				CLANG_WARN_EMPTY_BODY = YES;
				CLANG_WARN_ENUM_CONVERSION = YES;
				CLANG_WARN_INFINITE_RECURSION = YES;
				CLANG_WARN_INT_CONVERSION = YES;
				CLANG_WARN_OBJC_ROOT_CLASS = YES_ERROR;
				CLANG_WARN_SUSPICIOUS_MOVES = YES;
				CLANG_WARN_UNREACHABLE_CODE = YES;
				CLANG_WARN__DUPLICATE_METHOD_MATCH = YES;
				"CODE_SIGN_IDENTITY[sdk=iphoneos*]" = "iPhone Developer";
				COPY_PHASE_STRIP = NO;
				DEBUG_INFORMATION_FORMAT = "dwarf-with-dsym";
				ENABLE_NS_ASSERTIONS = NO;
				ENABLE_STRICT_OBJC_MSGSEND = YES;
				GCC_C_LANGUAGE_STANDARD = gnu99;
				GCC_NO_COMMON_BLOCKS = YES;
				GCC_WARN_64_TO_32_BIT_CONVERSION = YES;
				GCC_WARN_ABOUT_RETURN_TYPE = YES_ERROR;
				GCC_WARN_UNDECLARED_SELECTOR = YES;
				GCC_WARN_UNINITIALIZED_AUTOS = YES_AGGRESSIVE;
				GCC_WARN_UNUSED_FUNCTION = YES;
				GCC_WARN_UNUSED_VARIABLE = YES;
				IPHONEOS_DEPLOYMENT_TARGET = 10.0;
				MTL_ENABLE_DEBUG_INFO = NO;
				SDKROOT = iphoneos;
				VALIDATE_PRODUCT = YES;
			};
			name = Release;
		};
		C6CDC76D1DC9B3D00051201D /* Debug */ = {
			isa = XCBuildConfiguration;
			buildSettings = {
				ASSETCATALOG_COMPILER_APPICON_NAME = AppIcon;
				DEVELOPMENT_TEAM = YKB66Z3T3Q;
				INFOPLIST_FILE = Algorithm/Info.plist;
				IPHONEOS_DEPLOYMENT_TARGET = 8.0;
				LD_RUNPATH_SEARCH_PATHS = "$(inherited) @executable_path/Frameworks";
				PRODUCT_BUNDLE_IDENTIFIER = com.dy.Algorithm;
				PRODUCT_NAME = "$(TARGET_NAME)";
			};
			name = Debug;
		};
		C6CDC76E1DC9B3D00051201D /* Release */ = {
			isa = XCBuildConfiguration;
			buildSettings = {
				ASSETCATALOG_COMPILER_APPICON_NAME = AppIcon;
				DEVELOPMENT_TEAM = YKB66Z3T3Q;
				INFOPLIST_FILE = Algorithm/Info.plist;
				IPHONEOS_DEPLOYMENT_TARGET = 8.0;
				LD_RUNPATH_SEARCH_PATHS = "$(inherited) @executable_path/Frameworks";
				PRODUCT_BUNDLE_IDENTIFIER = com.dy.Algorithm;
				PRODUCT_NAME = "$(TARGET_NAME)";
			};
			name = Release;
		};
/* End XCBuildConfiguration section */

/* Begin XCConfigurationList section */
		C6CDC7501DC9B3D00051201D /* Build configuration list for PBXProject "Algorithm" */ = {
			isa = XCConfigurationList;
			buildConfigurations = (
				C6CDC76A1DC9B3D00051201D /* Debug */,
				C6CDC76B1DC9B3D00051201D /* Release */,
			);
			defaultConfigurationIsVisible = 0;
			defaultConfigurationName = Release;
		};
		C6CDC76C1DC9B3D00051201D /* Build configuration list for PBXNativeTarget "Algorithm" */ = {
			isa = XCConfigurationList;
			buildConfigurations = (
				C6CDC76D1DC9B3D00051201D /* Debug */,
				C6CDC76E1DC9B3D00051201D /* Release */,
			);
			defaultConfigurationIsVisible = 0;
		};
/* End XCConfigurationList section */
	};
	rootObject = C6CDC74D1DC9B3D00051201D /* Project object */;
}
